
Microsoft Visual Studio Solution File, Format Version 12.00
# Visual Studio 15
VisualStudioVersion = 15.0.28307.757
MinimumVisualStudioVersion = 10.0.40219.1
Project("{FAE04EC0-301F-11D3-BF4B-00C04F79EFBC}") = "WebApiDemo", "WebApiDemo\WebApiDemo.csproj", "{E189EB45-68D9-4ABD-BBF3-F37C8427204E}"
EndProject
Project("{FAE04EC0-301F-11D3-BF4B-00C04F79EFBC}") = "WebApiDemo.Tests", "WebApiDemo.Tests\WebApiDemo.Tests.csproj", "{D2789987-2CD4-41C4-A522-85D39164D14F}"
EndProject
Global
	GlobalSection(SolutionConfigurationPlatforms) = preSolution
		Debug|Any CPU = Debug|Any CPU
		Release|Any CPU = Release|Any CPU
	EndGlobalSection
	GlobalSection(ProjectConfigurationPlatforms) = postSolution
		{E189EB45-68D9-4ABD-BBF3-F37C8427204E}.Debug|Any CPU.ActiveCfg = Debug|Any CPU
		{E189EB45-68D9-4ABD-BBF3-F37C8427204E}.Debug|Any CPU.Build.0 = Debug|Any CPU
		{E189EB45-68D9-4ABD-BBF3-F37C8427204E}.Release|Any CPU.ActiveCfg = Release|Any CPU
		{E189EB45-68D9-4ABD-BBF3-F37C8427204E}.Release|Any CPU.Build.0 = Release|Any CPU
		{D2789987-2CD4-41C4-A522-85D39164D14F}.Debug|Any CPU.ActiveCfg = Debug|Any CPU
		{D2789987-2CD4-41C4-A522-85D39164D14F}.Debug|Any CPU.Build.0 = Debug|Any CPU
		{D2789987-2CD4-41C4-A522-85D39164D14F}.Release|Any CPU.ActiveCfg = Release|Any CPU
		{D2789987-2CD4-41C4-A522-85D39164D14F}.Release|Any CPU.Build.0 = Release|Any CPU
	EndGlobalSection
	GlobalSection(SolutionProperties) = preSolution
		HideSolutionNode = FALSE
	EndGlobalSection
	GlobalSection(ExtensibilityGlobals) = postSolution
		SolutionGuid = {D22BD5E2-FBB0-4893-B281-9E55A51FE16B}
	EndGlobalSection
EndGlobal
